
Microsoft Visual Studio Solution File, Format Version 12.00
# Visual Studio Version 17
VisualStudioVersion = 17.10.34928.147
MinimumVisualStudioVersion = 10.0.40219.1
Project("{9A19103F-16F7-4668-BE54-9A1E7A4F7556}") = "MorWalPizVideo.Server", "MorWalPizVideo.Server\MorWalPizVideo.Server.csproj", "{91EF1D65-E727-4F6A-9664-781BD57919AF}"
EndProject
Project("{54A90642-561A-4BB1-A94E-469ADEE60C69}") = "morwalpizvideo.client", "morwalpizvideo.client\morwalpizvideo.client.esproj", "{3AE453EF-6FB0-4125-9FAF-653A172211F4}"
EndProject
Project("{FAE04EC0-301F-11D3-BF4B-00C04F79EFBC}") = "ReactApp1.Server", "ReactApp1\ReactApp1.Server\ReactApp1.Server.csproj", "{8C2AC24E-2F7D-4E0F-A761-F1EEC699F208}"
EndProject
Project("{54A90642-561A-4BB1-A94E-469ADEE60C69}") = "reactapp1.client", "ReactApp1\reactapp1.client\reactapp1.client.esproj", "{FFF91151-FBC6-448A-BEAE-F584B1A8393C}"
EndProject
Global
	GlobalSection(SolutionConfigurationPlatforms) = preSolution
		Debug|Any CPU = Debug|Any CPU
		Release|Any CPU = Release|Any CPU
	EndGlobalSection
	GlobalSection(ProjectConfigurationPlatforms) = postSolution
		{91EF1D65-E727-4F6A-9664-781BD57919AF}.Debug|Any CPU.ActiveCfg = Debug|Any CPU
		{91EF1D65-E727-4F6A-9664-781BD57919AF}.Debug|Any CPU.Build.0 = Debug|Any CPU
		{91EF1D65-E727-4F6A-9664-781BD57919AF}.Release|Any CPU.ActiveCfg = Release|Any CPU
		{91EF1D65-E727-4F6A-9664-781BD57919AF}.Release|Any CPU.Build.0 = Release|Any CPU
		{3AE453EF-6FB0-4125-9FAF-653A172211F4}.Debug|Any CPU.ActiveCfg = Debug|Any CPU
		{3AE453EF-6FB0-4125-9FAF-653A172211F4}.Debug|Any CPU.Build.0 = Debug|Any CPU
		{3AE453EF-6FB0-4125-9FAF-653A172211F4}.Debug|Any CPU.Deploy.0 = Debug|Any CPU
		{3AE453EF-6FB0-4125-9FAF-653A172211F4}.Release|Any CPU.ActiveCfg = Release|Any CPU
		{3AE453EF-6FB0-4125-9FAF-653A172211F4}.Release|Any CPU.Build.0 = Release|Any CPU
		{3AE453EF-6FB0-4125-9FAF-653A172211F4}.Release|Any CPU.Deploy.0 = Release|Any CPU
		{8C2AC24E-2F7D-4E0F-A761-F1EEC699F208}.Debug|Any CPU.ActiveCfg = Debug|Any CPU
		{8C2AC24E-2F7D-4E0F-A761-F1EEC699F208}.Debug|Any CPU.Build.0 = Debug|Any CPU
		{8C2AC24E-2F7D-4E0F-A761-F1EEC699F208}.Release|Any CPU.ActiveCfg = Release|Any CPU
		{8C2AC24E-2F7D-4E0F-A761-F1EEC699F208}.Release|Any CPU.Build.0 = Release|Any CPU
		{FFF91151-FBC6-448A-BEAE-F584B1A8393C}.Debug|Any CPU.ActiveCfg = Debug|Any CPU
		{FFF91151-FBC6-448A-BEAE-F584B1A8393C}.Debug|Any CPU.Build.0 = Debug|Any CPU
		{FFF91151-FBC6-448A-BEAE-F584B1A8393C}.Debug|Any CPU.Deploy.0 = Debug|Any CPU
		{FFF91151-FBC6-448A-BEAE-F584B1A8393C}.Release|Any CPU.ActiveCfg = Release|Any CPU
		{FFF91151-FBC6-448A-BEAE-F584B1A8393C}.Release|Any CPU.Build.0 = Release|Any CPU
		{FFF91151-FBC6-448A-BEAE-F584B1A8393C}.Release|Any CPU.Deploy.0 = Release|Any CPU
	EndGlobalSection
	GlobalSection(SolutionProperties) = preSolution
		HideSolutionNode = FALSE
	EndGlobalSection
	GlobalSection(ExtensibilityGlobals) = postSolution
		SolutionGuid = {2F7ABE24-1916-4DF7-9A4A-070F7C1CFC7B}
	EndGlobalSection
EndGlobal
