
Microsoft Visual Studio Solution File, Format Version 12.00
# Visual Studio Version 17
VisualStudioVersion = 17.10.34928.147
MinimumVisualStudioVersion = 10.0.40219.1
Project("{9A19103F-16F7-4668-BE54-9A1E7A4F7556}") = "MorWalPizVideo.Server", "MorWalPizVideo.Server\MorWalPizVideo.Server.csproj", "{91EF1D65-E727-4F6A-9664-781BD57919AF}"
EndProject
Project("{54A90642-561A-4BB1-A94E-469ADEE60C69}") = "morwalpizvideo.client", "morwalpizvideo.client\morwalpizvideo.client.esproj", "{3AE453EF-6FB0-4125-9FAF-653A172211F4}"
EndProject
Project("{9A19103F-16F7-4668-BE54-9A1E7A4F7556}") = "MorWalPizVideo.Models", "MorWalPizVideo.Models\MorWalPizVideo.Models.csproj", "{25001FA5-76F5-4164-8EAC-AAA7B3454788}"
EndProject
Project("{FAE04EC0-301F-11D3-BF4B-00C04F79EFBC}") = "MorWalPizVideo.AppHost", "MorWalPizVideo.AppHost\MorWalPizVideo.AppHost.csproj", "{4260F675-1CEA-45A3-B8FF-E6C1485939B2}"
EndProject
Project("{FAE04EC0-301F-11D3-BF4B-00C04F79EFBC}") = "MorWalPizVideo.ServiceDefaults", "MorWalPizVideo.ServiceDefaults\MorWalPizVideo.ServiceDefaults.csproj", "{FBD4B8ED-B1DD-42A5-8D16-D67B4C21A8E5}"
EndProject
Project("{FAE04EC0-301F-11D3-BF4B-00C04F79EFBC}") = "MorWalPizVideo.BackOffice", "MorWalPizVideo.BackOffice\MorWalPizVideo.BackOffice.csproj", "{73A10727-E26D-4AF2-97F3-6A93A6524456}"
EndProject
Project("{FAE04EC0-301F-11D3-BF4B-00C04F79EFBC}") = "MorWalPizVideo.Domain", "MorWalPizVideo.Domain\MorWalPizVideo.Domain.csproj", "{6FFB84D8-0441-4C17-AE24-1549C32F0F28}"
EndProject
Project("{FAE04EC0-301F-11D3-BF4B-00C04F79EFBC}") = "MorWalPizVideo.MvcHelpers", "MorWalPizVideo.MvcHelpers\MorWalPizVideo.MvcHelpers.csproj", "{A529C5F0-C38B-49D0-A76B-66AE0962F020}"
EndProject
Project("{FAE04EC0-301F-11D3-BF4B-00C04F79EFBC}") = "MorWalPiz.VideoImporter", "MorWalPiz.VideoImporter\MorWalPiz.VideoImporter.csproj", "{FB155325-D0C2-4ABD-80EF-EC1E14A36AC3}"
EndProject
Project("{FAE04EC0-301F-11D3-BF4B-00C04F79EFBC}") = "MorWalPiz.Contracts", "MorWalPiz.Contracts\MorWalPiz.Contracts.csproj", "{D2A7AC24-D18E-4BA6-A9B7-202C0FA7F3E3}"
EndProject
Project("{54A90642-561A-4BB1-A94E-469ADEE60C69}") = "backoffice-spa", "BackOfficeSPA\back-office-spa\backoffice-spa.esproj", "{E1E8738E-E052-9900-9524-0F8DFBE0ACEF}"
EndProject
Project("{FAE04EC0-301F-11D3-BF4B-00C04F79EFBC}") = "MorWalPizVideo.ShortLinks", "MorWalPizVideo.ShortLinks\MorWalPizVideo.ShortLinks.csproj", "{2BC5F86F-053A-72DF-08D2-3A92ABF6CEAB}"
EndProject
Project("{FAE04EC0-301F-11D3-BF4B-00C04F79EFBC}") = "MorWalPizVideo.ServerAPI", "MorWalPizVideo.ServerAPI\MorWalPizVideo.ServerAPI.csproj", "{C1301799-2284-BBC9-39A6-826455A02EC8}"
EndProject
Global
	GlobalSection(SolutionConfigurationPlatforms) = preSolution
		Debug|Any CPU = Debug|Any CPU
		Release|Any CPU = Release|Any CPU
	EndGlobalSection
	GlobalSection(ProjectConfigurationPlatforms) = postSolution
		{91EF1D65-E727-4F6A-9664-781BD57919AF}.Debug|Any CPU.ActiveCfg = Debug|Any CPU
		{91EF1D65-E727-4F6A-9664-781BD57919AF}.Debug|Any CPU.Build.0 = Debug|Any CPU
		{91EF1D65-E727-4F6A-9664-781BD57919AF}.Release|Any CPU.ActiveCfg = Release|Any CPU
		{91EF1D65-E727-4F6A-9664-781BD57919AF}.Release|Any CPU.Build.0 = Release|Any CPU
		{3AE453EF-6FB0-4125-9FAF-653A172211F4}.Debug|Any CPU.ActiveCfg = Debug|Any CPU
		{3AE453EF-6FB0-4125-9FAF-653A172211F4}.Debug|Any CPU.Build.0 = Debug|Any CPU
		{3AE453EF-6FB0-4125-9FAF-653A172211F4}.Debug|Any CPU.Deploy.0 = Debug|Any CPU
		{3AE453EF-6FB0-4125-9FAF-653A172211F4}.Release|Any CPU.ActiveCfg = Release|Any CPU
		{3AE453EF-6FB0-4125-9FAF-653A172211F4}.Release|Any CPU.Build.0 = Release|Any CPU
		{3AE453EF-6FB0-4125-9FAF-653A172211F4}.Release|Any CPU.Deploy.0 = Release|Any CPU
		{25001FA5-76F5-4164-8EAC-AAA7B3454788}.Debug|Any CPU.ActiveCfg = Debug|Any CPU
		{25001FA5-76F5-4164-8EAC-AAA7B3454788}.Debug|Any CPU.Build.0 = Debug|Any CPU
		{25001FA5-76F5-4164-8EAC-AAA7B3454788}.Release|Any CPU.ActiveCfg = Release|Any CPU
		{25001FA5-76F5-4164-8EAC-AAA7B3454788}.Release|Any CPU.Build.0 = Release|Any CPU
		{4260F675-1CEA-45A3-B8FF-E6C1485939B2}.Debug|Any CPU.ActiveCfg = Debug|Any CPU
		{4260F675-1CEA-45A3-B8FF-E6C1485939B2}.Debug|Any CPU.Build.0 = Debug|Any CPU
		{4260F675-1CEA-45A3-B8FF-E6C1485939B2}.Release|Any CPU.ActiveCfg = Release|Any CPU
		{4260F675-1CEA-45A3-B8FF-E6C1485939B2}.Release|Any CPU.Build.0 = Release|Any CPU
		{FBD4B8ED-B1DD-42A5-8D16-D67B4C21A8E5}.Debug|Any CPU.ActiveCfg = Debug|Any CPU
		{FBD4B8ED-B1DD-42A5-8D16-D67B4C21A8E5}.Debug|Any CPU.Build.0 = Debug|Any CPU
		{FBD4B8ED-B1DD-42A5-8D16-D67B4C21A8E5}.Release|Any CPU.ActiveCfg = Release|Any CPU
		{FBD4B8ED-B1DD-42A5-8D16-D67B4C21A8E5}.Release|Any CPU.Build.0 = Release|Any CPU
		{73A10727-E26D-4AF2-97F3-6A93A6524456}.Debug|Any CPU.ActiveCfg = Debug|Any CPU
		{73A10727-E26D-4AF2-97F3-6A93A6524456}.Debug|Any CPU.Build.0 = Debug|Any CPU
		{73A10727-E26D-4AF2-97F3-6A93A6524456}.Release|Any CPU.ActiveCfg = Release|Any CPU
		{73A10727-E26D-4AF2-97F3-6A93A6524456}.Release|Any CPU.Build.0 = Release|Any CPU
		{6FFB84D8-0441-4C17-AE24-1549C32F0F28}.Debug|Any CPU.ActiveCfg = Debug|Any CPU
		{6FFB84D8-0441-4C17-AE24-1549C32F0F28}.Debug|Any CPU.Build.0 = Debug|Any CPU
		{6FFB84D8-0441-4C17-AE24-1549C32F0F28}.Release|Any CPU.ActiveCfg = Release|Any CPU
		{6FFB84D8-0441-4C17-AE24-1549C32F0F28}.Release|Any CPU.Build.0 = Release|Any CPU
		{A529C5F0-C38B-49D0-A76B-66AE0962F020}.Debug|Any CPU.ActiveCfg = Debug|Any CPU
		{A529C5F0-C38B-49D0-A76B-66AE0962F020}.Debug|Any CPU.Build.0 = Debug|Any CPU
		{A529C5F0-C38B-49D0-A76B-66AE0962F020}.Release|Any CPU.ActiveCfg = Release|Any CPU
		{A529C5F0-C38B-49D0-A76B-66AE0962F020}.Release|Any CPU.Build.0 = Release|Any CPU
		{FB155325-D0C2-4ABD-80EF-EC1E14A36AC3}.Debug|Any CPU.ActiveCfg = Debug|Any CPU
		{FB155325-D0C2-4ABD-80EF-EC1E14A36AC3}.Debug|Any CPU.Build.0 = Debug|Any CPU
		{FB155325-D0C2-4ABD-80EF-EC1E14A36AC3}.Release|Any CPU.ActiveCfg = Release|Any CPU
		{FB155325-D0C2-4ABD-80EF-EC1E14A36AC3}.Release|Any CPU.Build.0 = Release|Any CPU
		{D2A7AC24-D18E-4BA6-A9B7-202C0FA7F3E3}.Debug|Any CPU.ActiveCfg = Debug|Any CPU
		{D2A7AC24-D18E-4BA6-A9B7-202C0FA7F3E3}.Debug|Any CPU.Build.0 = Debug|Any CPU
		{D2A7AC24-D18E-4BA6-A9B7-202C0FA7F3E3}.Release|Any CPU.ActiveCfg = Release|Any CPU
		{D2A7AC24-D18E-4BA6-A9B7-202C0FA7F3E3}.Release|Any CPU.Build.0 = Release|Any CPU
		{E1E8738E-E052-9900-9524-0F8DFBE0ACEF}.Debug|Any CPU.ActiveCfg = Debug|Any CPU
		{E1E8738E-E052-9900-9524-0F8DFBE0ACEF}.Debug|Any CPU.Build.0 = Debug|Any CPU
		{E1E8738E-E052-9900-9524-0F8DFBE0ACEF}.Debug|Any CPU.Deploy.0 = Debug|Any CPU
		{E1E8738E-E052-9900-9524-0F8DFBE0ACEF}.Release|Any CPU.ActiveCfg = Release|Any CPU
		{E1E8738E-E052-9900-9524-0F8DFBE0ACEF}.Release|Any CPU.Build.0 = Release|Any CPU
		{E1E8738E-E052-9900-9524-0F8DFBE0ACEF}.Release|Any CPU.Deploy.0 = Release|Any CPU
		{2BC5F86F-053A-72DF-08D2-3A92ABF6CEAB}.Debug|Any CPU.ActiveCfg = Debug|Any CPU
		{2BC5F86F-053A-72DF-08D2-3A92ABF6CEAB}.Debug|Any CPU.Build.0 = Debug|Any CPU
		{2BC5F86F-053A-72DF-08D2-3A92ABF6CEAB}.Release|Any CPU.ActiveCfg = Release|Any CPU
		{2BC5F86F-053A-72DF-08D2-3A92ABF6CEAB}.Release|Any CPU.Build.0 = Release|Any CPU
		{C1301799-2284-BBC9-39A6-826455A02EC8}.Debug|Any CPU.ActiveCfg = Debug|Any CPU
		{C1301799-2284-BBC9-39A6-826455A02EC8}.Debug|Any CPU.Build.0 = Debug|Any CPU
		{C1301799-2284-BBC9-39A6-826455A02EC8}.Release|Any CPU.ActiveCfg = Release|Any CPU
		{C1301799-2284-BBC9-39A6-826455A02EC8}.Release|Any CPU.Build.0 = Release|Any CPU
	EndGlobalSection
	GlobalSection(SolutionProperties) = preSolution
		HideSolutionNode = FALSE
	EndGlobalSection
	GlobalSection(ExtensibilityGlobals) = postSolution
		SolutionGuid = {2F7ABE24-1916-4DF7-9A4A-070F7C1CFC7B}
	EndGlobalSection
EndGlobal
