Microsoft Visual Studio Solution File, Format Version 12.00
# Visual Studio Version 17
VisualStudioVersion = 17.5.2.0
MinimumVisualStudioVersion = 10.0.40219.1
Project("{FAE04EC0-301F-11D3-BF4B-00C04F79EFBC}") = "MorWalPizVideo.BackOffice", "MorWalPizVideo.BackOffice.csproj", "{125EDEF1-8363-311E-0FAB-1D131B0F99F0}"
EndProject
Global
	GlobalSection(SolutionConfigurationPlatforms) = preSolution
		Debug|Any CPU = Debug|Any CPU
		Release|Any CPU = Release|Any CPU
	EndGlobalSection
	GlobalSection(ProjectConfigurationPlatforms) = postSolution
		{125EDEF1-8363-311E-0FAB-1D131B0F99F0}.Debug|Any CPU.ActiveCfg = Debug|Any CPU
		{125EDEF1-8363-311E-0FAB-1D131B0F99F0}.Debug|Any CPU.Build.0 = Debug|Any CPU
		{125EDEF1-8363-311E-0FAB-1D131B0F99F0}.Release|Any CPU.ActiveCfg = Release|Any CPU
		{125EDEF1-8363-311E-0FAB-1D131B0F99F0}.Release|Any CPU.Build.0 = Release|Any CPU
	EndGlobalSection
	GlobalSection(SolutionProperties) = preSolution
		HideSolutionNode = FALSE
	EndGlobalSection
	GlobalSection(ExtensibilityGlobals) = postSolution
		SolutionGuid = {5034D51A-81B9-4B76-A70E-4BD62963DF19}
	EndGlobalSection
EndGlobal
